// !$*UTF8*$!
{
	archiveVersion = 1;
	classes = {
	};
	objectVersion = 48;
	objects = {

/* Begin PBXBuildFile section */
		F6EBE1CE1FEAF6AD006A039C /* AppDelegate.swift in Sources */ = {isa = PBXBuildFile; fileRef = F6EBE1CD1FEAF6AD006A039C /* AppDelegate.swift */; };
		F6EBE1D01FEAF6AD006A039C /* ViewController.swift in Sources */ = {isa = PBXBuildFile; fileRef = F6EBE1CF1FEAF6AD006A039C /* ViewController.swift */; };
		F6EBE1D31FEAF6AD006A039C /* Main.storyboard in Resources */ = {isa = PBXBuildFile; fileRef = F6EBE1D11FEAF6AD006A039C /* Main.storyboard */; };
		F6EBE1D51FEAF6AD006A039C /* Assets.xcassets in Resources */ = {isa = PBXBuildFile; fileRef = F6EBE1D41FEAF6AD006A039C /* Assets.xcassets */; };
		F6EBE1D81FEAF6AD006A039C /* LaunchScreen.storyboard in Resources */ = {isa = PBXBuildFile; fileRef = F6EBE1D61FEAF6AD006A039C /* LaunchScreen.storyboard */; };
		F6EBE1E31FEAF6AE006A039C /* RedlerAppTests.swift in Sources */ = {isa = PBXBuildFile; fileRef = F6EBE1E21FEAF6AE006A039C /* RedlerAppTests.swift */; };
		F6EBE1EE1FEAF6AE006A039C /* RedlerAppUITests.swift in Sources */ = {isa = PBXBuildFile; fileRef = F6EBE1ED1FEAF6AE006A039C /* RedlerAppUITests.swift */; };
/* End PBXBuildFile section */

/* Begin PBXContainerItemProxy section */
		F6EBE1DF1FEAF6AE006A039C /* PBXContainerItemProxy */ = {
			isa = PBXContainerItemProxy;
			containerPortal = F6EBE1C21FEAF6AD006A039C /* Project object */;
			proxyType = 1;
			remoteGlobalIDString = F6EBE1C91FEAF6AD006A039C;
			remoteInfo = RedlerApp;
		};
		F6EBE1EA1FEAF6AE006A039C /* PBXContainerItemProxy */ = {
			isa = PBXContainerItemProxy;
			containerPortal = F6EBE1C21FEAF6AD006A039C /* Project object */;
			proxyType = 1;
			remoteGlobalIDString = F6EBE1C91FEAF6AD006A039C;
			remoteInfo = RedlerApp;
		};
/* End PBXContainerItemProxy section */

/* Begin PBXFileReference section */
		F6EBE1CA1FEAF6AD006A039C /* RedlerApp.app */ = {isa = PBXFileReference; explicitFileType = wrapper.application; includeInIndex = 0; path = RedlerApp.app; sourceTree = BUILT_PRODUCTS_DIR; };
		F6EBE1CD1FEAF6AD006A039C /* AppDelegate.swift */ = {isa = PBXFileReference; lastKnownFileType = sourcecode.swift; path = AppDelegate.swift; sourceTree = "<group>"; };
		F6EBE1CF1FEAF6AD006A039C /* ViewController.swift */ = {isa = PBXFileReference; lastKnownFileType = sourcecode.swift; path = ViewController.swift; sourceTree = "<group>"; };
		F6EBE1D21FEAF6AD006A039C /* Base */ = {isa = PBXFileReference; lastKnownFileType = file.storyboard; name = Base; path = Base.lproj/Main.storyboard; sourceTree = "<group>"; };
		F6EBE1D41FEAF6AD006A039C /* Assets.xcassets */ = {isa = PBXFileReference; lastKnownFileType = folder.assetcatalog; path = Assets.xcassets; sourceTree = "<group>"; };
		F6EBE1D71FEAF6AD006A039C /* Base */ = {isa = PBXFileReference; lastKnownFileType = file.storyboard; name = Base; path = Base.lproj/LaunchScreen.storyboard; sourceTree = "<group>"; };
		F6EBE1D91FEAF6AD006A039C /* Info.plist */ = {isa = PBXFileReference; lastKnownFileType = text.plist.xml; path = Info.plist; sourceTree = "<group>"; };
		F6EBE1DE1FEAF6AE006A039C /* RedlerAppTests.xctest */ = {isa = PBXFileReference; explicitFileType = wrapper.cfbundle; includeInIndex = 0; path = RedlerAppTests.xctest; sourceTree = BUILT_PRODUCTS_DIR; };
		F6EBE1E21FEAF6AE006A039C /* RedlerAppTests.swift */ = {isa = PBXFileReference; lastKnownFileType = sourcecode.swift; path = RedlerAppTests.swift; sourceTree = "<group>"; };
		F6EBE1E41FEAF6AE006A039C /* Info.plist */ = {isa = PBXFileReference; lastKnownFileType = text.plist.xml; path = Info.plist; sourceTree = "<group>"; };
		F6EBE1E91FEAF6AE006A039C /* RedlerAppUITests.xctest */ = {isa = PBXFileReference; explicitFileType = wrapper.cfbundle; includeInIndex = 0; path = RedlerAppUITests.xctest; sourceTree = BUILT_PRODUCTS_DIR; };
		F6EBE1ED1FEAF6AE006A039C /* RedlerAppUITests.swift */ = {isa = PBXFileReference; lastKnownFileType = sourcecode.swift; path = RedlerAppUITests.swift; sourceTree = "<group>"; };
		F6EBE1EF1FEAF6AE006A039C /* Info.plist */ = {isa = PBXFileReference; lastKnownFileType = text.plist.xml; path = Info.plist; sourceTree = "<group>"; };
/* End PBXFileReference section */

/* Begin PBXFrameworksBuildPhase section */
		F6EBE1C71FEAF6AD006A039C /* Frameworks */ = {
			isa = PBXFrameworksBuildPhase;
			buildActionMask = 2147483647;
			files = (
			);
			runOnlyForDeploymentPostprocessing = 0;
		};
		F6EBE1DB1FEAF6AE006A039C /* Frameworks */ = {
			isa = PBXFrameworksBuildPhase;
			buildActionMask = 2147483647;
			files = (
			);
			runOnlyForDeploymentPostprocessing = 0;
		};
		F6EBE1E61FEAF6AE006A039C /* Frameworks */ = {
			isa = PBXFrameworksBuildPhase;
			buildActionMask = 2147483647;
			files = (
			);
			runOnlyForDeploymentPostprocessing = 0;
		};
/* End PBXFrameworksBuildPhase section */

/* Begin PBXGroup section */
		F6EBE1C11FEAF6AD006A039C = {
			isa = PBXGroup;
			children = (
				F6EBE1CC1FEAF6AD006A039C /* RedlerApp */,
				F6EBE1E11FEAF6AE006A039C /* RedlerAppTests */,
				F6EBE1EC1FEAF6AE006A039C /* RedlerAppUITests */,
				F6EBE1CB1FEAF6AD006A039C /* Products */,
			);
			sourceTree = "<group>";
		};
		F6EBE1CB1FEAF6AD006A039C /* Products */ = {
			isa = PBXGroup;
			children = (
				F6EBE1CA1FEAF6AD006A039C /* RedlerApp.app */,
				F6EBE1DE1FEAF6AE006A039C /* RedlerAppTests.xctest */,
				F6EBE1E91FEAF6AE006A039C /* RedlerAppUITests.xctest */,
			);
			name = Products;
			sourceTree = "<group>";
		};
		F6EBE1CC1FEAF6AD006A039C /* RedlerApp */ = {
			isa = PBXGroup;
			children = (
				F6EBE1CD1FEAF6AD006A039C /* AppDelegate.swift */,
				F6EBE1CF1FEAF6AD006A039C /* ViewController.swift */,
				F6EBE1D11FEAF6AD006A039C /* Main.storyboard */,
				F6EBE1D41FEAF6AD006A039C /* Assets.xcassets */,
				F6EBE1D61FEAF6AD006A039C /* LaunchScreen.storyboard */,
				F6EBE1D91FEAF6AD006A039C /* Info.plist */,
			);
			path = RedlerApp;
			sourceTree = "<group>";
		};
		F6EBE1E11FEAF6AE006A039C /* RedlerAppTests */ = {
			isa = PBXGroup;
			children = (
				F6EBE1E21FEAF6AE006A039C /* RedlerAppTests.swift */,
				F6EBE1E41FEAF6AE006A039C /* Info.plist */,
			);
			path = RedlerAppTests;
			sourceTree = "<group>";
		};
		F6EBE1EC1FEAF6AE006A039C /* RedlerAppUITests */ = {
			isa = PBXGroup;
			children = (
				F6EBE1ED1FEAF6AE006A039C /* RedlerAppUITests.swift */,
				F6EBE1EF1FEAF6AE006A039C /* Info.plist */,
			);
			path = RedlerAppUITests;
			sourceTree = "<group>";
		};
/* End PBXGroup section */

/* Begin PBXNativeTarget section */
		F6EBE1C91FEAF6AD006A039C /* RedlerApp */ = {
			isa = PBXNativeTarget;
			buildConfigurationList = F6EBE1F21FEAF6AE006A039C /* Build configuration list for PBXNativeTarget "RedlerApp" */;
			buildPhases = (
				F6EBE1C61FEAF6AD006A039C /* Sources */,
				F6EBE1C71FEAF6AD006A039C /* Frameworks */,
				F6EBE1C81FEAF6AD006A039C /* Resources */,
			);
			buildRules = (
			);
			dependencies = (
			);
			name = RedlerApp;
			productName = RedlerApp;
			productReference = F6EBE1CA1FEAF6AD006A039C /* RedlerApp.app */;
			productType = "com.apple.product-type.application";
		};
		F6EBE1DD1FEAF6AE006A039C /* RedlerAppTests */ = {
			isa = PBXNativeTarget;
			buildConfigurationList = F6EBE1F51FEAF6AE006A039C /* Build configuration list for PBXNativeTarget "RedlerAppTests" */;
			buildPhases = (
				F6EBE1DA1FEAF6AE006A039C /* Sources */,
				F6EBE1DB1FEAF6AE006A039C /* Frameworks */,
				F6EBE1DC1FEAF6AE006A039C /* Resources */,
			);
			buildRules = (
			);
			dependencies = (
				F6EBE1E01FEAF6AE006A039C /* PBXTargetDependency */,
			);
			name = RedlerAppTests;
			productName = RedlerAppTests;
			productReference = F6EBE1DE1FEAF6AE006A039C /* RedlerAppTests.xctest */;
			productType = "com.apple.product-type.bundle.unit-test";
		};
		F6EBE1E81FEAF6AE006A039C /* RedlerAppUITests */ = {
			isa = PBXNativeTarget;
			buildConfigurationList = F6EBE1F81FEAF6AE006A039C /* Build configuration list for PBXNativeTarget "RedlerAppUITests" */;
			buildPhases = (
				F6EBE1E51FEAF6AE006A039C /* Sources */,
				F6EBE1E61FEAF6AE006A039C /* Frameworks */,
				F6EBE1E71FEAF6AE006A039C /* Resources */,
			);
			buildRules = (
			);
			dependencies = (
				F6EBE1EB1FEAF6AE006A039C /* PBXTargetDependency */,
			);
			name = RedlerAppUITests;
			productName = RedlerAppUITests;
			productReference = F6EBE1E91FEAF6AE006A039C /* RedlerAppUITests.xctest */;
			productType = "com.apple.product-type.bundle.ui-testing";
		};
/* End PBXNativeTarget section */

/* Begin PBXProject section */
		F6EBE1C21FEAF6AD006A039C /* Project object */ = {
			isa = PBXProject;
			attributes = {
				LastSwiftUpdateCheck = 0900;
				LastUpgradeCheck = 0900;
				ORGANIZATIONNAME = "Mustafa Sevki Cosar";
				TargetAttributes = {
					F6EBE1C91FEAF6AD006A039C = {
						CreatedOnToolsVersion = 9.0.1;
						ProvisioningStyle = Automatic;
					};
					F6EBE1DD1FEAF6AE006A039C = {
						CreatedOnToolsVersion = 9.0.1;
						ProvisioningStyle = Automatic;
						TestTargetID = F6EBE1C91FEAF6AD006A039C;
					};
					F6EBE1E81FEAF6AE006A039C = {
						CreatedOnToolsVersion = 9.0.1;
						ProvisioningStyle = Automatic;
						TestTargetID = F6EBE1C91FEAF6AD006A039C;
					};
				};
			};
			buildConfigurationList = F6EBE1C51FEAF6AD006A039C /* Build configuration list for PBXProject "RedlerApp" */;
			compatibilityVersion = "Xcode 8.0";
			developmentRegion = en;
			hasScannedForEncodings = 0;
			knownRegions = (
				en,
				Base,
			);
			mainGroup = F6EBE1C11FEAF6AD006A039C;
			productRefGroup = F6EBE1CB1FEAF6AD006A039C /* Products */;
			projectDirPath = "";
			projectRoot = "";
			targets = (
				F6EBE1C91FEAF6AD006A039C /* RedlerApp */,
				F6EBE1DD1FEAF6AE006A039C /* RedlerAppTests */,
				F6EBE1E81FEAF6AE006A039C /* RedlerAppUITests */,
			);
		};
/* End PBXProject section */

/* Begin PBXResourcesBuildPhase section */
		F6EBE1C81FEAF6AD006A039C /* Resources */ = {
			isa = PBXResourcesBuildPhase;
			buildActionMask = 2147483647;
			files = (
				F6EBE1D81FEAF6AD006A039C /* LaunchScreen.storyboard in Resources */,
				F6EBE1D51FEAF6AD006A039C /* Assets.xcassets in Resources */,
				F6EBE1D31FEAF6AD006A039C /* Main.storyboard in Resources */,
			);
			runOnlyForDeploymentPostprocessing = 0;
		};
		F6EBE1DC1FEAF6AE006A039C /* Resources */ = {
			isa = PBXResourcesBuildPhase;
			buildActionMask = 2147483647;
			files = (
			);
			runOnlyForDeploymentPostprocessing = 0;
		};
		F6EBE1E71FEAF6AE006A039C /* Resources */ = {
			isa = PBXResourcesBuildPhase;
			buildActionMask = 2147483647;
			files = (
			);
			runOnlyForDeploymentPostprocessing = 0;
		};
/* End PBXResourcesBuildPhase section */

/* Begin PBXSourcesBuildPhase section */
		F6EBE1C61FEAF6AD006A039C /* Sources */ = {
			isa = PBXSourcesBuildPhase;
			buildActionMask = 2147483647;
			files = (
				F6EBE1D01FEAF6AD006A039C /* ViewController.swift in Sources */,
				F6EBE1CE1FEAF6AD006A039C /* AppDelegate.swift in Sources */,
			);
			runOnlyForDeploymentPostprocessing = 0;
		};
		F6EBE1DA1FEAF6AE006A039C /* Sources */ = {
			isa = PBXSourcesBuildPhase;
			buildActionMask = 2147483647;
			files = (
				F6EBE1E31FEAF6AE006A039C /* RedlerAppTests.swift in Sources */,
			);
			runOnlyForDeploymentPostprocessing = 0;
		};
		F6EBE1E51FEAF6AE006A039C /* Sources */ = {
			isa = PBXSourcesBuildPhase;
			buildActionMask = 2147483647;
			files = (
				F6EBE1EE1FEAF6AE006A039C /* RedlerAppUITests.swift in Sources */,
			);
			runOnlyForDeploymentPostprocessing = 0;
		};
/* End PBXSourcesBuildPhase section */

/* Begin PBXTargetDependency section */
		F6EBE1E01FEAF6AE006A039C /* PBXTargetDependency */ = {
			isa = PBXTargetDependency;
			target = F6EBE1C91FEAF6AD006A039C /* RedlerApp */;
			targetProxy = F6EBE1DF1FEAF6AE006A039C /* PBXContainerItemProxy */;
		};
		F6EBE1EB1FEAF6AE006A039C /* PBXTargetDependency */ = {
			isa = PBXTargetDependency;
			target = F6EBE1C91FEAF6AD006A039C /* RedlerApp */;
			targetProxy = F6EBE1EA1FEAF6AE006A039C /* PBXContainerItemProxy */;
		};
/* End PBXTargetDependency section */

/* Begin PBXVariantGroup section */
		F6EBE1D11FEAF6AD006A039C /* Main.storyboard */ = {
			isa = PBXVariantGroup;
			children = (
				F6EBE1D21FEAF6AD006A039C /* Base */,
			);
			name = Main.storyboard;
			sourceTree = "<group>";
		};
		F6EBE1D61FEAF6AD006A039C /* LaunchScreen.storyboard */ = {
			isa = PBXVariantGroup;
			children = (
				F6EBE1D71FEAF6AD006A039C /* Base */,
			);
			name = LaunchScreen.storyboard;
			sourceTree = "<group>";
		};
/* End PBXVariantGroup section */

/* Begin XCBuildConfiguration section */
		F6EBE1F01FEAF6AE006A039C /* Debug */ = {
			isa = XCBuildConfiguration;
			buildSettings = {
				ALWAYS_SEARCH_USER_PATHS = NO;
				CLANG_ANALYZER_NONNULL = YES;
				CLANG_ANALYZER_NUMBER_OBJECT_CONVERSION = YES_AGGRESSIVE;
				CLANG_CXX_LANGUAGE_STANDARD = "gnu++14";
				CLANG_CXX_LIBRARY = "libc++";
				CLANG_ENABLE_MODULES = YES;
				CLANG_ENABLE_OBJC_ARC = YES;
				CLANG_WARN_BLOCK_CAPTURE_AUTORELEASING = YES;
				CLANG_WARN_BOOL_CONVERSION = YES;
				CLANG_WARN_COMMA = YES;
				CLANG_WARN_CONSTANT_CONVERSION = YES;
				CLANG_WARN_DIRECT_OBJC_ISA_USAGE = YES_ERROR;
				CLANG_WARN_DOCUMENTATION_COMMENTS = YES;
				CLANG_WARN_EMPTY_BODY = YES;
				CLANG_WARN_ENUM_CONVERSION = YES;
				CLANG_WARN_INFINITE_RECURSION = YES;
				CLANG_WARN_INT_CONVERSION = YES;
				CLANG_WARN_NON_LITERAL_NULL_CONVERSION = YES;
				CLANG_WARN_OBJC_LITERAL_CONVERSION = YES;
				CLANG_WARN_OBJC_ROOT_CLASS = YES_ERROR;
				CLANG_WARN_RANGE_LOOP_ANALYSIS = YES;
				CLANG_WARN_STRICT_PROTOTYPES = YES;
				CLANG_WARN_SUSPICIOUS_MOVE = YES;
				CLANG_WARN_UNGUARDED_AVAILABILITY = YES_AGGRESSIVE;
				CLANG_WARN_UNREACHABLE_CODE = YES;
				CLANG_WARN__DUPLICATE_METHOD_MATCH = YES;
				CODE_SIGN_IDENTITY = "iPhone Developer";
				COPY_PHASE_STRIP = NO;
				DEBUG_INFORMATION_FORMAT = dwarf;
				ENABLE_STRICT_OBJC_MSGSEND = YES;
				ENABLE_TESTABILITY = YES;
				GCC_C_LANGUAGE_STANDARD = gnu11;
				GCC_DYNAMIC_NO_PIC = NO;
				GCC_NO_COMMON_BLOCKS = YES;
				GCC_OPTIMIZATION_LEVEL = 0;
				GCC_PREPROCESSOR_DEFINITIONS = (
					"DEBUG=1",
					"$(inherited)",
				);
				GCC_WARN_64_TO_32_BIT_CONVERSION = YES;
				GCC_WARN_ABOUT_RETURN_TYPE = YES_ERROR;
				GCC_WARN_UNDECLARED_SELECTOR = YES;
				GCC_WARN_UNINITIALIZED_AUTOS = YES_AGGRESSIVE;
				GCC_WARN_UNUSED_FUNCTION = YES;
				GCC_WARN_UNUSED_VARIABLE = YES;
				IPHONEOS_DEPLOYMENT_TARGET = 11.0;
				MTL_ENABLE_DEBUG_INFO = YES;
				ONLY_ACTIVE_ARCH = YES;
				SDKROOT = iphoneos;
				SWIFT_ACTIVE_COMPILATION_CONDITIONS = DEBUG;
				SWIFT_OPTIMIZATION_LEVEL = "-Onone";
			};
			name = Debug;
		};
		F6EBE1F11FEAF6AE006A039C /* Release */ = {
			isa = XCBuildConfiguration;
			buildSettings = {
				ALWAYS_SEARCH_USER_PATHS = NO;
				CLANG_ANALYZER_NONNULL = YES;
				CLANG_ANALYZER_NUMBER_OBJECT_CONVERSION = YES_AGGRESSIVE;
				CLANG_CXX_LANGUAGE_STANDARD = "gnu++14";
				CLANG_CXX_LIBRARY = "libc++";
				CLANG_ENABLE_MODULES = YES;
				CLANG_ENABLE_OBJC_ARC = YES;
				CLANG_WARN_BLOCK_CAPTURE_AUTORELEASING = YES;
				CLANG_WARN_BOOL_CONVERSION = YES;
				CLANG_WARN_COMMA = YES;
				CLANG_WARN_CONSTANT_CONVERSION = YES;
				CLANG_WARN_DIRECT_OBJC_ISA_USAGE = YES_ERROR;
				CLANG_WARN_DOCUMENTATION_COMMENTS = YES;
				CLANG_WARN_EMPTY_BODY = YES;
				CLANG_WARN_ENUM_CONVERSION = YES;
				CLANG_WARN_INFINITE_RECURSION = YES;
				CLANG_WARN_INT_CONVERSION = YES;
				CLANG_WARN_NON_LITERAL_NULL_CONVERSION = YES;
				CLANG_WARN_OBJC_LITERAL_CONVERSION = YES;
				CLANG_WARN_OBJC_ROOT_CLASS = YES_ERROR;
				CLANG_WARN_RANGE_LOOP_ANALYSIS = YES;
				CLANG_WARN_STRICT_PROTOTYPES = YES;
				CLANG_WARN_SUSPICIOUS_MOVE = YES;
				CLANG_WARN_UNGUARDED_AVAILABILITY = YES_AGGRESSIVE;
				CLANG_WARN_UNREACHABLE_CODE = YES;
				CLANG_WARN__DUPLICATE_METHOD_MATCH = YES;
				CODE_SIGN_IDENTITY = "iPhone Developer";
				COPY_PHASE_STRIP = NO;
				DEBUG_INFORMATION_FORMAT = "dwarf-with-dsym";
				ENABLE_NS_ASSERTIONS = NO;
				ENABLE_STRICT_OBJC_MSGSEND = YES;
				GCC_C_LANGUAGE_STANDARD = gnu11;
				GCC_NO_COMMON_BLOCKS = YES;
				GCC_WARN_64_TO_32_BIT_CONVERSION = YES;
				GCC_WARN_ABOUT_RETURN_TYPE = YES_ERROR;
				GCC_WARN_UNDECLARED_SELECTOR = YES;
				GCC_WARN_UNINITIALIZED_AUTOS = YES_AGGRESSIVE;
				GCC_WARN_UNUSED_FUNCTION = YES;
				GCC_WARN_UNUSED_VARIABLE = YES;
				IPHONEOS_DEPLOYMENT_TARGET = 11.0;
				MTL_ENABLE_DEBUG_INFO = NO;
				SDKROOT = iphoneos;
				SWIFT_OPTIMIZATION_LEVEL = "-Owholemodule";
				VALIDATE_PRODUCT = YES;
			};
			name = Release;
		};
		F6EBE1F31FEAF6AE006A039C /* Debug */ = {
			isa = XCBuildConfiguration;
			buildSettings = {
				ASSETCATALOG_COMPILER_APPICON_NAME = AppIcon;
				CODE_SIGN_STYLE = Automatic;
				DEVELOPMENT_TEAM = A5GFRWG7XZ;
				INFOPLIST_FILE = RedlerApp/Info.plist;
				LD_RUNPATH_SEARCH_PATHS = "$(inherited) @executable_path/Frameworks";
				PRODUCT_BUNDLE_IDENTIFIER = tst.RedlerApp;
				PRODUCT_NAME = "$(TARGET_NAME)";
				SWIFT_VERSION = 4.0;
				TARGETED_DEVICE_FAMILY = "1,2";
			};
			name = Debug;
		};
		F6EBE1F41FEAF6AE006A039C /* Release */ = {
			isa = XCBuildConfiguration;
			buildSettings = {
				ASSETCATALOG_COMPILER_APPICON_NAME = AppIcon;
				CODE_SIGN_STYLE = Automatic;
				DEVELOPMENT_TEAM = A5GFRWG7XZ;
				INFOPLIST_FILE = RedlerApp/Info.plist;
				LD_RUNPATH_SEARCH_PATHS = "$(inherited) @executable_path/Frameworks";
				PRODUCT_BUNDLE_IDENTIFIER = tst.RedlerApp;
				PRODUCT_NAME = "$(TARGET_NAME)";
				SWIFT_VERSION = 4.0;
				TARGETED_DEVICE_FAMILY = "1,2";
			};
			name = Release;
		};
		F6EBE1F61FEAF6AE006A039C /* Debug */ = {
			isa = XCBuildConfiguration;
			buildSettings = {
				ALWAYS_EMBED_SWIFT_STANDARD_LIBRARIES = YES;
				BUNDLE_LOADER = "$(TEST_HOST)";
				CODE_SIGN_STYLE = Automatic;
				DEVELOPMENT_TEAM = A5GFRWG7XZ;
				INFOPLIST_FILE = RedlerAppTests/Info.plist;
				LD_RUNPATH_SEARCH_PATHS = "$(inherited) @executable_path/Frameworks @loader_path/Frameworks";
				PRODUCT_BUNDLE_IDENTIFIER = tst.RedlerAppTests;
				PRODUCT_NAME = "$(TARGET_NAME)";
				SWIFT_VERSION = 4.0;
				TARGETED_DEVICE_FAMILY = "1,2";
				TEST_HOST = "$(BUILT_PRODUCTS_DIR)/RedlerApp.app/RedlerApp";
			};
			name = Debug;
		};
		F6EBE1F71FEAF6AE006A039C /* Release */ = {
			isa = XCBuildConfiguration;
			buildSettings = {
				ALWAYS_EMBED_SWIFT_STANDARD_LIBRARIES = YES;
				BUNDLE_LOADER = "$(TEST_HOST)";
				CODE_SIGN_STYLE = Automatic;
				DEVELOPMENT_TEAM = A5GFRWG7XZ;
				INFOPLIST_FILE = RedlerAppTests/Info.plist;
				LD_RUNPATH_SEARCH_PATHS = "$(inherited) @executable_path/Frameworks @loader_path/Frameworks";
				PRODUCT_BUNDLE_IDENTIFIER = tst.RedlerAppTests;
				PRODUCT_NAME = "$(TARGET_NAME)";
				SWIFT_VERSION = 4.0;
				TARGETED_DEVICE_FAMILY = "1,2";
				TEST_HOST = "$(BUILT_PRODUCTS_DIR)/RedlerApp.app/RedlerApp";
			};
			name = Release;
		};
		F6EBE1F91FEAF6AE006A039C /* Debug */ = {
			isa = XCBuildConfiguration;
			buildSettings = {
				ALWAYS_EMBED_SWIFT_STANDARD_LIBRARIES = YES;
				CODE_SIGN_STYLE = Automatic;
				DEVELOPMENT_TEAM = A5GFRWG7XZ;
				INFOPLIST_FILE = RedlerAppUITests/Info.plist;
				LD_RUNPATH_SEARCH_PATHS = "$(inherited) @executable_path/Frameworks @loader_path/Frameworks";
				PRODUCT_BUNDLE_IDENTIFIER = tst.RedlerAppUITests;
				PRODUCT_NAME = "$(TARGET_NAME)";
				SWIFT_VERSION = 4.0;
				TARGETED_DEVICE_FAMILY = "1,2";
				TEST_TARGET_NAME = RedlerApp;
			};
			name = Debug;
		};
		F6EBE1FA1FEAF6AE006A039C /* Release */ = {
			isa = XCBuildConfiguration;
			buildSettings = {
				ALWAYS_EMBED_SWIFT_STANDARD_LIBRARIES = YES;
				CODE_SIGN_STYLE = Automatic;
				DEVELOPMENT_TEAM = A5GFRWG7XZ;
				INFOPLIST_FILE = RedlerAppUITests/Info.plist;
				LD_RUNPATH_SEARCH_PATHS = "$(inherited) @executable_path/Frameworks @loader_path/Frameworks";
				PRODUCT_BUNDLE_IDENTIFIER = tst.RedlerAppUITests;
				PRODUCT_NAME = "$(TARGET_NAME)";
				SWIFT_VERSION = 4.0;
				TARGETED_DEVICE_FAMILY = "1,2";
				TEST_TARGET_NAME = RedlerApp;
			};
			name = Release;
		};
/* End XCBuildConfiguration section */

/* Begin XCConfigurationList section */
		F6EBE1C51FEAF6AD006A039C /* Build configuration list for PBXProject "RedlerApp" */ = {
			isa = XCConfigurationList;
			buildConfigurations = (
				F6EBE1F01FEAF6AE006A039C /* Debug */,
				F6EBE1F11FEAF6AE006A039C /* Release */,
			);
			defaultConfigurationIsVisible = 0;
			defaultConfigurationName = Release;
		};
		F6EBE1F21FEAF6AE006A039C /* Build configuration list for PBXNativeTarget "RedlerApp" */ = {
			isa = XCConfigurationList;
			buildConfigurations = (
				F6EBE1F31FEAF6AE006A039C /* Debug */,
				F6EBE1F41FEAF6AE006A039C /* Release */,
			);
			defaultConfigurationIsVisible = 0;
			defaultConfigurationName = Release;
		};
		F6EBE1F51FEAF6AE006A039C /* Build configuration list for PBXNativeTarget "RedlerAppTests" */ = {
			isa = XCConfigurationList;
			buildConfigurations = (
				F6EBE1F61FEAF6AE006A039C /* Debug */,
				F6EBE1F71FEAF6AE006A039C /* Release */,
			);
			defaultConfigurationIsVisible = 0;
			defaultConfigurationName = Release;
		};
		F6EBE1F81FEAF6AE006A039C /* Build configuration list for PBXNativeTarget "RedlerAppUITests" */ = {
			isa = XCConfigurationList;
			buildConfigurations = (
				F6EBE1F91FEAF6AE006A039C /* Debug */,
				F6EBE1FA1FEAF6AE006A039C /* Release */,
			);
			defaultConfigurationIsVisible = 0;
			defaultConfigurationName = Release;
		};
/* End XCConfigurationList section */
	};
	rootObject = F6EBE1C21FEAF6AD006A039C /* Project object */;
}
